github.com/sverrehu/goutils v1.0.1 h1:L+AaZ7WPWUaTuOu8NuM9MFqg3pi/7VJQM815oUrILgQ=
github.com/sverrehu/goutils v1.0.1/go.mod h1:wWyA4qjpWkaOx0L2WZ/VnzzsgfUbsVi5e8pYTPPAUYE=
github.com/sverrehu/goutils v1.0.2 h1:g3U54p9XlCPlbg391SKKbQdTnjg8gFHHs3khA95YgS8=
github.com/sverrehu/goutils v1.0.2/go.mod h1:wWyA4qjpWkaOx0L2WZ/VnzzsgfUbsVi5e8pYTPPAUYE=
