github.com/sverrehu/goutils v1.0.3 h1:iUpjoXzytmXNVd9fdB3MIw8b1sNO+sD8zaKzIM6rqxI=
github.com/sverrehu/goutils v1.0.3/go.mod h1:wWyA4qjpWkaOx0L2WZ/VnzzsgfUbsVi5e8pYTPPAUYE=
github.com/sverrehu/goutils v1.0.4 h1:Jl04HsH19mArDYzPJSIEdscSOWFpzsFnDdxo3A6FGDw=
github.com/sverrehu/goutils v1.0.4/go.mod h1:nJMD3vZPZ65/ENKWswzWYmYbSkKwmMbgzEvYWR94qMc=
go.yaml.in/yaml/v4 v4.0.0-rc.6 h1:1h7H1ohdUh93/FyE4YaDa1Zh64K6VVbjF4K6WUxMtH4=
go.yaml.in/yaml/v4 v4.0.0-rc.6/go.mod h1:aZqd9kCMsGL7AuUv/m/PvWLdg5sjJsZ4oHDEnfPPfY0=
